
Microsoft Visual Studio Solution File, Format Version 12.00
# Visual Studio Version 17
VisualStudioVersion = 17.8.34316.72
MinimumVisualStudioVersion = 10.0.40219.1
Project("{FAE04EC0-301F-11D3-BF4B-00C04F79EFBC}") = "MasterSolution", "MasterSolution\MasterSolution.csproj", "{93D6272C-69B0-4454-BC38-D5B3AB555691}"
EndProject
Global
	GlobalSection(SolutionConfigurationPlatforms) = preSolution
		Debug|Any CPU = Debug|Any CPU
		Release|Any CPU = Release|Any CPU
	EndGlobalSection
	GlobalSection(ProjectConfigurationPlatforms) = postSolution
		{93D6272C-69B0-4454-BC38-D5B3AB555691}.Debug|Any CPU.ActiveCfg = Debug|Any CPU
		{93D6272C-69B0-4454-BC38-D5B3AB555691}.Debug|Any CPU.Build.0 = Debug|Any CPU
		{93D6272C-69B0-4454-BC38-D5B3AB555691}.Release|Any CPU.ActiveCfg = Release|Any CPU
		{93D6272C-69B0-4454-BC38-D5B3AB555691}.Release|Any CPU.Build.0 = Release|Any CPU
	EndGlobalSection
	GlobalSection(SolutionProperties) = preSolution
		HideSolutionNode = FALSE
	EndGlobalSection
	GlobalSection(ExtensibilityGlobals) = postSolution
		SolutionGuid = {83D50C34-8AEE-44D6-B434-4FC174542F15}
	EndGlobalSection
EndGlobal
